<Solution>
  <Configurations>
    <BuildType Name="Debug" />
    <BuildType Name="Optimize" />
    <BuildType Name="Release" />
  </Configurations>
  <Folder Name="/Gems/">
    <Project Path="Gems/AssimpModels/AssimpModels.csproj" />
    <Project Path="Gems/CSharpScripting/CSharpScripts.csproj" />
    <Project Path="Gems/DebugTools/DebugTools.csproj" />
    <Project Path="Gems/DefaultCheats/DefaultCheats.csproj" Id="45ab667a-667c-4ea8-bc5b-72d5108546f3" />
    <Project Path="Gems/DefaultTagging/DefaultTagging.csproj" />
    <Project Path="Gems/DeferredRenderer/DeferredRenderer.csproj" />
    <Project Path="Gems/FlecsEcs/FlecsEcs.csproj" />
    <Project Path="Gems/ImGuiOverlay/ImGuiOverlay.csproj" />
    <Project Path="Gems/MeshLods/MeshLods.csproj" />
    <Project Path="Gems/SDL/SDL.csproj" Id="dc93ae9f-b3ed-4220-b9eb-a7bf52ec8d68" />
    <Project Path="Gems/SDLImage/SDLImage.csproj" />
    <Project Path="Gems/SDLInput/SDLInput.csproj" />
    <Project Path="Gems/SDLRender/SDLRender.csproj" />
    <Project Path="Gems/SDLFonts/SDLFonts.csproj" />
    <Project Path="Gems/SDLWindowing/SDLWindowing.csproj" />
    <Project Path="Gems/Scripting/Scripting.csproj" />
    <Project Path="Gems/Streaming/WorldStreaming.csproj" />
    <Project Path="Gems/WorldTransforms/WorldTransforms.csproj" />
    <Project Path="Gems/ZLogging/ZLogging.csproj" Id="a585cf9f-0774-4b62-b353-838c1bf1c5a2" />
  </Folder>
  <Folder Name="/Samples/">
    <Project Path="Samples/Samples.csproj" />
  </Folder>
  <Folder Name="/Tests/">
    <Project Path="Tests/Magic.IntegrationTests/Magic.IntegrationTests.csproj" />
    <Project Path="Tests/Magic.UnitTests/Magic.UnitTests.csproj" />
  </Folder>
  <Project Path="Magic/Magic.csproj" />
</Solution>
