<Solution>
  <Configurations>
    <BuildType Name="Debug" />
    <BuildType Name="Optimize" />
    <BuildType Name="Release" />
  </Configurations>
  <Folder Name="/Gems/">
    <Project Path="Gems/AssimpModels/AssimpModels.csproj" />
    <Project Path="Gems/FlecsEcs/FlecsEcs.csproj" />
    <Project Path="Gems/SDL/SDL.csproj" Id="dc93ae9f-b3ed-4220-b9eb-a7bf52ec8d68" />
    <Project Path="Gems/SDLImage/SDLImage.csproj" />
    <Project Path="Gems/SDLTtf/SDLTtf.csproj" />
    <Project Path="Gems/SDLWindowing/SDLWindowing.csproj" />
    <Project Path="Gems/ZLogging/ZLogging.csproj" Id="a585cf9f-0774-4b62-b353-838c1bf1c5a2" />
  </Folder>
  <Folder Name="/Tests/">
    <Project Path="Tests/Magic.Tests/Magic.Tests.csproj" />
  </Folder>
  <Project Path="Core/Magic.csproj" />
</Solution>
