<Solution>
  <Configurations>
    <BuildType Name="Debug" />
    <BuildType Name="Optimize" />
    <BuildType Name="Release" />
  </Configurations>
  <Folder Name="/Gems/">
    <Project Path="Gems/AssimpModels/AssimpModels.csproj" />
    <Project Path="Gems/CSharpScripting/CSharpScripting.csproj" />
    <Project Path="Gems/FlecsEcs/FlecsEcs.csproj" />
    <Project Path="Gems/ImGuiOverlay/ImGuiOverlay.csproj" />
    <Project Path="Gems/SDLRender/SDLRender.csproj" />
    <Project Path="Gems/SDL/SDL.csproj" Id="dc93ae9f-b3ed-4220-b9eb-a7bf52ec8d68" />
    <Project Path="Gems/SDLImage/SDLImage.csproj" />
    <Project Path="Gems/SDLInput/SDLInput.csproj" />
    <Project Path="Gems/SDLTtf/SDLTtf.csproj" />
    <Project Path="Gems/SDLWindowing/SDLWindowing.csproj" />
    <Project Path="Gems/ZLogging/ZLogging.csproj" Id="a585cf9f-0774-4b62-b353-838c1bf1c5a2" />
  </Folder>
  <Folder Name="/Samples/">
    <Project Path="Samples/Cube/Cube.csproj" />
    <Project Path="Samples/Fallbacks/Fallbacks.csproj" />
    <Project Path="Samples/Grid/Grid.csproj" />
    <Project Path="Samples/Monkey/Monkey.csproj" />
    <Project Path="Samples/RenderTexture/RenderTexture.csproj" />
    <Project Path="Samples/SplitScreen/SplitScreen.csproj" />
    <Project Path="Samples/Wall/Wall.csproj" />
  </Folder>
  <Folder Name="/Tests/">
    <Project Path="Tests/Magic.IntegrationTests/Magic.IntegrationTests.csproj" />
    <Project Path="Tests/Magic.UnitTests/Magic.UnitTests.csproj" />
  </Folder>
  <Project Path="Core/Magic.csproj" />
</Solution>
